
Microsoft Visual Studio Solution File, Format Version 12.00
# Visual Studio Version 16
VisualStudioVersion = 16.0.32002.261
MinimumVisualStudioVersion = 10.0.40219.1
Project("{9A19103F-16F7-4668-BE54-9A1E7A4F7556}") = "Project", "Project.csproj", "{EE7B2A41-0A82-4941-80CA-63441B67EDBA}"
EndProject
Global
	GlobalSection(SolutionConfigurationPlatforms) = preSolution
		Debug|Any CPU = Debug|Any CPU
		Release|Any CPU = Release|Any CPU
	EndGlobalSection
	GlobalSection(ProjectConfigurationPlatforms) = postSolution
		{EE7B2A41-0A82-4941-80CA-63441B67EDBA}.Debug|Any CPU.ActiveCfg = Debug|Any CPU
		{EE7B2A41-0A82-4941-80CA-63441B67EDBA}.Debug|Any CPU.Build.0 = Debug|Any CPU
		{EE7B2A41-0A82-4941-80CA-63441B67EDBA}.Release|Any CPU.ActiveCfg = Release|Any CPU
		{EE7B2A41-0A82-4941-80CA-63441B67EDBA}.Release|Any CPU.Build.0 = Release|Any CPU
	EndGlobalSection
	GlobalSection(SolutionProperties) = preSolution
		HideSolutionNode = FALSE
	EndGlobalSection
	GlobalSection(ExtensibilityGlobals) = postSolution
		SolutionGuid = {1D86CCBE-52E4-4871-9B35-D92326061395}
	EndGlobalSection
EndGlobal
